github.com/nazarifard/fastape v0.0.0-20240701091219-24b4965645ac h1:R7r6gf/KxgRv+7Frt3M1RvkDsNUT+8ESxR3gxACDjk8=
github.com/nazarifard/fastape v0.0.0-20240701091219-24b4965645ac/go.mod h1:F54tpGg4uMgsYNUqD07iNENNGcS2GJobr+td/iZ5Xm4=
github.com/nazarifard/fastape v0.0.0-20240709164519-8c17d21a54a1 h1:BSbdIKDtvh5qV2cgaL+I8DjusXrvs6ekRgVA8xYGcEA=
github.com/nazarifard/fastape v0.0.0-20240709164519-8c17d21a54a1/go.mod h1:5O2L3OHQPOh5oK+603x/UHSsNUdJ5739nMM9RquIxFo=
github.com/nazarifard/syncpool v0.0.0-20240613052038-6a4f565d052d h1:Qj/4Odmainro/UKPAWtxwfZJ3hhTddj9oE/4SgulPAk=
github.com/nazarifard/syncpool v0.0.0-20240613052038-6a4f565d052d/go.mod h1:6jsXD5qqHuYLJE+iVr7ICvzFD5pm7P1un7V5QmJi9o8=
go.uber.org/zap v1.27.0 h1:aJMhYGrd5QSmlpLMr2MftRKl7t8J8PTZPA732ud/XR8=
go.uber.org/zap v1.27.0/go.mod h1:GB2qFLM7cTU87MWRP2mPIjqfIDnGu+VIO4V/SdhGo2E=
